<?xml version="1.0" encoding="utf-8"?>
<Project ToolsVersion="4.0" xmlns="http://schemas.microsoft.com/developer/msbuild/2003">
  <ItemGroup>
    <FxCompile Include="include\Widgets\Render\Shader\Common2DPS.hlsl" />
  </ItemGroup>
  <ItemGroup>
    <ClCompile Include="Generated\TestService.cpp" />
    <ClCompile Include="Generated\TestService_server.skeleton.cpp" />
    <ClCompile Include="Generated\Test_types.cpp" />
    <ClCompile Include="include\Application\CommandDispatcher.ixx" />
    <ClCompile Include="include\Composition\IComposition2D.ixx" />
    <ClCompile Include="include\Controller\TimelineViewProvider.ixx" />
    <ClCompile Include="include\Effetcs\Blur\BlurEffect.ixx" />
    <ClCompile Include="include\Effetcs\Blur\DirectionBlur.ixx" />
    <ClCompile Include="include\Effetcs\Channel\InvertChannelEffect.ixx" />
    <ClCompile Include="include\Effetcs\ColorCorrection\BrightnessEffect.ixx" />
    <ClCompile Include="include\Effetcs\ColorCorrection\ExposureEffect.ixx" />
    <ClCompile Include="include\Effetcs\ColorCorrection\HueAndSaturation.ixx" />
    <ClCompile Include="include\Effetcs\EffectContext.ixx" />
    <ClCompile Include="include\Effetcs\GauusianBlur.ixx" />
    <ClCompile Include="include\Effetcs\Glow\GlowEffect.ixx" />
    <ClCompile Include="include\Effetcs\Noise\NoiseEffect.ixx" />
    <ClCompile Include="include\Effetcs\RadialBlur.ixx" />
    <ClCompile Include="include\Export\ProjectExport.ixx" />
    <ClCompile Include="include\Export\Python\Python.ixx" />
    <ClCompile Include="include\Generator\CloneGenerator.ixx" />
    <ClCompile Include="include\Generator\GeneratorManager.ixx" />
    <ClCompile Include="include\GUI\WindowPluginManager.ixx" />
    <ClCompile Include="include\Layer\ArtifactSolid2DLayer.ixx" />
    <ClCompile Include="include\Layer\ArtifactSolidImageLayer.ixx" />
    <ClCompile Include="include\Layer\ArtifactShapeLayer.ixx" />
    <ClCompile Include="include\Preview\ArtifactPreviewController.ixx" />
    <ClCompile Include="include\Preview\ArtifactPreviewCompositionPipeline.ixx" />
    <ClCompile Include="include\Preview\ArtifactPreviewWorker.ixx" />
    <ClCompile Include="include\Project\ArtifactProjectInitParams.ixx" />
    <ClCompile Include="include\Project\ArtifactProjectItems.ixx" />
    <ClCompile Include="include\Project\ArtifactProjectModel.ixx" />
    <ClCompile Include="include\Project\ArtifactProjectResult.ixx" />
    <ClCompile Include="include\Project\ArtifactProjectRoles.ixx" />
    <ClCompile Include="include\Project\TreeFilterProxyModel.ixx" />
    <ClCompile Include="include\Render\ArtifactOffscreenRenderer2D.ixx" />
    <ClCompile Include="include\Render\ArtifactRenderController.ixx" />
    <ClCompile Include="include\Render\ArtifactRenderManager.ixx" />
    <ClCompile Include="include\Render\ArtifactRenderQueueService.ixx" />
    <ClCompile Include="include\Render\RenderModule.ixx" />
    <ClCompile Include="include\Result\ArtifactResult.ixx" />
    <ClCompile Include="include\Service\ArtifactProjectService.ixx" />
    <ClCompile Include="include\Service\ArtifactToolService.ixx" />
    <ClCompile Include="include\Test\ArtifactTestProjectManager.ixx" />
    <ClCompile Include="include\Test\ArtifactTestProjectService.ixx" />
    <ClCompile Include="include\Timeline\ArtifactTimelineIconModel.ixx" />
    <ClCompile Include="include\Tool\Tool.ixx" />
    <ClCompile Include="include\Tool\ArtifactToolManager.ixx" />
    <ClCompile Include="include\Translation\TranslationManager.ixx" />
    <ClCompile Include="include\Widgets\Control\ArtifactPlaybackControlWidget.ixx" />
    <ClCompile Include="include\Widgets\Dialog\ArtifactRenderOutputSettingDialog.ixx" />
    <ClCompile Include="include\Widgets\Native\NativeHelper.ixx" />
    <ClCompile Include="include\Widgets\Render\ArtifactRenderLayerWidgetv2.ixx" />
    <ClCompile Include="include\Widgets\Render\ArtifactRenderQueueManagerWidget.ixx" />
    <ClCompile Include="include\Widgets\Render\ArtifactRenderWrapperWidget.ixx" />
    <ClCompile Include="include\Widgets\Timeline\ArtifactSeekBar.ixx" />
    <ClCompile Include="include\Widgets\Timeline\ArtifactTimelineLabel.ixx" />
    <ClCompile Include="include\Widgets\Timeline\ArtifactTimelineObjects.ixx" />
    <ClCompile Include="include\Widgets\Timeline\ArtifactTimelineRulerWidget.ixx" />
    <ClCompile Include="include\Widgets\Timeline\ArtifactTimeCodeWidget.ixx" />
    <ClCompile Include="include\Widgets\Timeline\ArtifactTimelineTimeRangeSlider.ixx" />
    <ClCompile Include="include\Widgets\Timeline\ArtifactWorkAreaControlWidget.ixx" />
    <ClCompile Include="include\Widgets\Timeline\TimelineScaleWidget.ixx" />
    <ClCompile Include="src\Controller\TimelineViewProvider.cpp" />
    <ClCompile Include="src\Effetcs\Blur\GauusianBlur.cpp" />
    <ClCompile Include="src\Effetcs\ColorCorrection\HueAndSaturation.cpp" />
    <ClCompile Include="src\Effetcs\Glow\GlowEffect.cpp" />
    <ClCompile Include="src\Effetcs\Glow\NoiseEffect.cppm" />
    <ClCompile Include="src\Generator\CloneGenerator.cppm" />
    <ClCompile Include="src\Generator\GeneratorManager.cppm" />
    <ClCompile Include="src\GUI\WindowPluginManager.cpp" />
    <ClCompile Include="src\Layer\ArtifactSolid2DLayer.cppm" />
    <ClCompile Include="src\Layer\ArtifactSolidImageLayer.cppm" />
    <ClCompile Include="src\Library\Link.cpp" />
    <ClCompile Include="src\Preview\ArtifactPreviewCompositionPipeline.cppm" />
    <ClCompile Include="src\Preview\ArtifactPreviewWorker.cppm" />
    <ClCompile Include="src\Project\ArtifactProjectInitParams.cppm" />
    <ClCompile Include="src\Project\TreeFilterProxyModel.cppm" />
    <ClCompile Include="src\Render\ArtifactOffscreenRenderer2D.cppm" />
    <ClCompile Include="src\Render\ArtifactRenderManager.cppm" />
    <ClCompile Include="src\Render\ArtifactRenderQueueService.cppm" />
    <ClCompile Include="src\Service\ArtifactProjectService.cpp" />
    <ClCompile Include="src\Service\ArtifactToolService.cppm" />
    <ClCompile Include="src\Test\ArtifactTestProjectManager.cpp" />
    <ClCompile Include="src\Timeline\ArtifactTimelineIconModel.cpp" />
    <ClCompile Include="src\Tool\ArtifactToolManager.cpp" />
    <ClCompile Include="src\Translation\TranslationManager.cpp" />
    <ClCompile Include="src\Widgets\Control\ArtifactPlaybackControlWidget.cppm" />
    <ClCompile Include="src\Widgets\Native\NativeHelper.cpp" />
    <ClCompile Include="src\Widgets\Render\ArtifactRenderWrapperWidget.cpp" />
    <ClCompile Include="src\Widgets\Render\ArtifactRenderLayerWidget.cpp" />
    <ClCompile Include="src\Widgets\Render\ArtifactRenderQueueManagerWidget.cpp" />
    <ClCompile Include="src\Widgets\Render\GridRenderer.cpp" />
    <ClCompile Include="src\Widgets\Timeline\ArtifactSeekBar.cppm" />
    <ClCompile Include="src\Widgets\Timeline\ArtifactTimeCodeWidget.cppm" />
    <ClCompile Include="src\Widgets\Timeline\ArtifactTimelineLabel.cpp" />
    <ClCompile Include="src\Widgets\Timeline\ArtifactTimelineObjects.cpp" />
    <ClCompile Include="src\Widgets\Timeline\ArtifactTimelineRulerWidget.cpp" />
    <ClCompile Include="src\Widgets\Timeline\ArtifactTimelineTimeRangeSlider.cpp" />
    <ClCompile Include="src\Widgets\Timeline\ArtifactWorkAreaControlWidget.cpp" />
    <ClCompile Include="src\Widgets\Timeline\TimelineScaleWidget.cpp" />
    <ClCompile Include="include\Project\ArtifactProjectExporter.ixx" />
    <ClCompile Include="include\Project\ArtifactProjectImporter.ixx" />
    <ClCompile Include="include\Widgets\ArtifactCurveEditorWidget.ixx" />
    <ClCompile Include="include\Widgets\ArtifactToolBar.ixx" />
    <ClCompile Include="include\Widgets\Dialog\CreatePlaneLayerDialog.ixx" />
    <ClCompile Include="include\Widgets\Dialog\Dialog.ixx" />
    <ClCompile Include="include\Widgets\Dialog\EditCompositionSettingDialog.ixx" />
    <ClCompile Include="include\Widgets\Render\ArtifactOgreRenderWindow.hpp" />
    <ClCompile Include="include\Project\ArtifactProject.ixx" />
    <ClCompile Include="include\Project\ArtifactProjectManager.ixx" />
    <ClCompile Include="include\Project\ArtifactProjectSetting.ixx" />
    <ClCompile Include="include\Widgets\Menu\ArtifactMenuBar.ixx" />
    <ClCompile Include="include\Widgets\Menu\ArtifactTestMenu.ixx" />
    <ClCompile Include="include\Widgets\Menu\ArtifactTimeMenu.ixx" />
    <ClCompile Include="include\Widgets\Menu\ArtifactViewMenu.ixx" />
    <ClCompile Include="include\Widgets\Render\ArtifactRenderManagerWidget.ixx" />
    <ClCompile Include="include\Widgets\Menu\ArtifactOptionMenu.ixx" />
    <ClCompile Include="include\Widgets\ArtifactMainWindow.ixx" />
    <ClCompile Include="include\Widgets\ArtifactProjectManagerWidget.ixx" />
    <ClCompile Include="include\Widgets\ArtifactTimelineWidget.ixx" />
    <ClCompile Include="include\Widgets\Menu\ArtifactMenu.ixx" />
    <ClCompile Include="include\Widgets\Render\GridRenderer.ixx" />
    <ClCompile Include="include\Widgets\ArtifactTimelineScene.ixx" />
    <ClCompile Include="src\Project\ArtifactProject.cppm" />
    <ClCompile Include="src\Project\ArtifactProjectManager.cppm" />
    <ClCompile Include="src\Project\ArtifactProjectImporter.cppm" />
    <ClCompile Include="src\Project\ArtifactProjectSetting.cppm" />
    <ClCompile Include="src\Widgets\ArtifactTimelineWidget.cpp" />
    <ClCompile Include="src\Widgets\Dialog\CreatePlaneLayerDialog.cppm" />
    <ClCompile Include="src\Widgets\Menu\ArtifactTestMenu.cppm" />
    <ClCompile Include="src\Widgets\Menu\ArtifactTimeMenu.cppm" />
    <ClCompile Include="src\Widgets\Menu\ArtifactViewMenu.cppm" />
    <ClCompile Include="src\Widgets\Render\ArtifactOgreRenderWindow.cpp" />
    <ClCompile Include="src\Widgets\Render\ArtifactRenderManagerWidget.cppm" />
    <ClCompile Include="src\Project\ArtifactProjectModel.cppm" />
    <ClCompile Include="include\Effetcs\ArtifactAbstractEffect.ixx">
      <Filter>include</Filter>
    </ClCompile>
    <ClCompile Include="include\Widgets\Dialog\ApplicationSettingDialog.ixx">
      <Filter>include</Filter>
    </ClCompile>
    <ClCompile Include="include\Generator\AbstractGeneratorEffector.ixx">
      <Filter>include</Filter>
    </ClCompile>
    <ClCompile Include="include\Widgets\Menu\ArtifactAnimationMenu.ixx">
      <Filter>include</Filter>
    </ClCompile>
    <ClCompile Include="include\Audio\Effects\ArtifactAbstractAudioEffects.ixx">
      <Filter>include</Filter>
    </ClCompile>
    <ClCompile Include="src\Widgets\Asset\ArtifactAssetBrowser.cppm">
      <Filter>src</Filter>
    </ClCompile>
    <ClCompile Include="include\Widgets\ArtifactAssetBrowser.ixx">
      <Filter>include</Filter>
    </ClCompile>
    <ClCompile Include="include\Audio\Effects\ArtifactAudioOutput.ixx">
      <Filter>include</Filter>
    </ClCompile>
    <ClCompile Include="src\Layer\ArtifactAdjustableLayer.cppm">
      <Filter>src</Filter>
    </ClCompile>
    <ClCompile Include="src\Generator\AbstractGeneratorEffector.cppm">
      <Filter>src</Filter>
    </ClCompile>
    <ClCompile Include="include\Layer\ArtifactCameraLayer.ixx">
      <Filter>include</Filter>
    </ClCompile>
    <ClCompile Include="include\Composition\ArtifactAbstractComposition.ixx">
      <Filter>include</Filter>
    </ClCompile>
    <ClCompile Include="include\Application\ActiveContextService.ixx">
      <Filter>include</Filter>
    </ClCompile>
    <ClCompile Include="src\AppMain.cppm">
      <Filter>src</Filter>
    </ClCompile>
    <ClCompile Include="include\Render\AritfactIRenderer.ixx">
      <Filter>include</Filter>
    </ClCompile>
    <ClCompile Include="src\Asset\ArtifactAssetResult.cpp">
      <Filter>src</Filter>
    </ClCompile>
    <ClCompile Include="src\Project\ArtifactProjectItems.cppm" />
    <ClCompile Include="src\Service\ApplicationService.cppm">
      <Filter>src</Filter>
    </ClCompile>
    <ClCompile Include="src\Layer\ArtifactAbstract2DLayer.cppm">
      <Filter>src</Filter>
    </ClCompile>
    <ClCompile Include="src\Application\ActiveContextService.cppm">
      <Filter>src</Filter>
    </ClCompile>
    <ClCompile Include="src\Application\ArtifactApplicationManager.cpp">
      <Filter>src</Filter>
    </ClCompile>
    <ClCompile Include="src\Widgets\Menu\ArtifactAnimationMenu.cppm">
      <Filter>src</Filter>
    </ClCompile>
    <ClCompile Include="src\Composition\ArtifactAbstractComposition.cppm">
      <Filter>src</Filter>
    </ClCompile>
    <ClCompile Include="src\Composition\ArtifactCompositionInitParams.cppm">
      <Filter>src</Filter>
    </ClCompile>
    <ClCompile Include="include\Application\ArtifactApplicationManager.ixx">
      <Filter>include</Filter>
    </ClCompile>
    <ClCompile Include="include\Service\ArtifactAudioService.ixx">
      <Filter>include</Filter>
    </ClCompile>
    <ClCompile Include="include\Service\ApplicationService.ixx">
      <Filter>include</Filter>
    </ClCompile>
    <ClCompile Include="include\Generator\AbstractGenerator.ixx">
      <Filter>include</Filter>
    </ClCompile>
    <ClCompile Include="include\Service\ArtifactClipboardService.ixx">
      <Filter>include</Filter>
    </ClCompile>
    <ClCompile Include="src\Composition\ArtifactComposition3D.cpp">
      <Filter>src</Filter>
    </ClCompile>
    <ClCompile Include="src\Service\ArtifactAudioService.cpp">
      <Filter>src</Filter>
    </ClCompile>
    <ClCompile Include="src\Layer\Artifact3DModelLayer.cppm">
      <Filter>src</Filter>
    </ClCompile>
    <ClCompile Include="src\Effetcs\ArtifactAbstractEffect.cppm">
      <Filter>src</Filter>
    </ClCompile>
    <ClCompile Include="src\Layer\ArtifactAbstractLayer.cppm">
      <Filter>src</Filter>
    </ClCompile>
    <ClCompile Include="src\Generator\AbstractGenerator.cppm">
      <Filter>src</Filter>
    </ClCompile>
    <ClCompile Include="include\Asset\ArtifactAssetResult.ixx">
      <Filter>include</Filter>
    </ClCompile>
    <ClCompile Include="include\Composition\ArtifactComposition3D.ixx">
      <Filter>include</Filter>
    </ClCompile>
    <ClCompile Include="include\InterProcess\ArtifactClipboardManager.ixx">
      <Filter>include</Filter>
    </ClCompile>
    <ClCompile Include="src\Layer\ArtifactCameraLayer.cppm">
      <Filter>src</Filter>
    </ClCompile>
    <ClCompile Include="src\Service\ArtifactClipboardService.cpp">
      <Filter>src</Filter>
    </ClCompile>
    <ClCompile Include="src\Composition\ArtifactComposition2D.cpp">
      <Filter>src</Filter>
    </ClCompile>
    <ClCompile Include="include\Composition\ArtifactCompositionInitParams.ixx">
      <Filter>include</Filter>
    </ClCompile>
    <ClCompile Include="src\Composition\ArtifactCompositionManager.cpp">
      <Filter>src</Filter>
    </ClCompile>
    <ClCompile Include="include\Composition\ArtifactComposition2D.ixx">
      <Filter>include</Filter>
    </ClCompile>
    <ClCompile Include="include\Composition\ArtifactComposition.ixx">
      <Filter>include</Filter>
    </ClCompile>
    <ClCompile Include="include\Widgets\ArtifactCompositionWidget.ixx">
      <Filter>include</Filter>
    </ClCompile>
    <ClCompile Include="include\Layer\ArtifactCompositionLayer.ixx">
      <Filter>include</Filter>
    </ClCompile>
    <ClCompile Include="src\Widgets\Render\ArtifactCompositionViewerFooter.cpp">
      <Filter>src</Filter>
    </ClCompile>
    <ClCompile Include="src\Composition\ArtifactCompositionSetting.cpp">
      <Filter>src</Filter>
    </ClCompile>
    <ClCompile Include="include\Widgets\Menu\ArtifactEffectMenu.ixx">
      <Filter>include</Filter>
    </ClCompile>
    <ClCompile Include="include\Widgets\Render\ArtifactDiligentEngineRenderWidget.ixx">
      <Filter>include</Filter>
    </ClCompile>
    <ClCompile Include="include\Widgets\Render\ArtifactCompositionViewerFooter.ixx">
      <Filter>include</Filter>
    </ClCompile>
    <ClCompile Include="src\Widgets\Menu\ArtifactEditMenu.cppm">
      <Filter>src\Widgets</Filter>
    </ClCompile>
    <ClCompile Include="include\Widgets\Menu\ArtifactEditMenu.ixx">
      <Filter>include</Filter>
    </ClCompile>
    <ClCompile Include="src\Service\ArtifactEffectService.cpp">
      <Filter>src</Filter>
    </ClCompile>
    <ClCompile Include="src\Widgets\Menu\ArtifactEffectMenu.cppm">
      <Filter>src</Filter>
    </ClCompile>
    <ClCompile Include="include\Effetcs\ArtifactGlobalEffectManager.ixx">
      <Filter>include</Filter>
    </ClCompile>
    <ClCompile Include="src\Widgets\Menu\ArtifactFileMenu.cppm">
      <Filter>src\Widgets</Filter>
    </ClCompile>
    <ClCompile Include="src\Widgets\Viewer\ArtifactContentsViewer.cpp">
      <Filter>src</Filter>
    </ClCompile>
    <ClCompile Include="include\Composition\ArtifactCompositionSetting.ixx">
      <Filter>include</Filter>
    </ClCompile>
    <ClCompile Include="src\Layer\ArtifactHierarchyModel.cppm">
      <Filter>src</Filter>
    </ClCompile>
    <ClCompile Include="src\Widgets\Menu\Test\ArtifactImageProcessingTestMenu.cppm">
      <Filter>src</Filter>
    </ClCompile>
    <ClCompile Include="src\Widgets\Menu\ArtifactHelpMenu.cppm">
      <Filter>src\Widgets</Filter>
    </ClCompile>
    <ClCompile Include="src\Layer\ArtifactLayerFactory.cppm">
      <Filter>src</Filter>
    </ClCompile>
    <ClCompile Include="src\Layer\ArtifactLayerInitParams.cppm">
      <Filter>src</Filter>
    </ClCompile>
    <ClCompile Include="src\Layer\ArtifactCompositionLayer.cppm">
      <Filter>src\Layer</Filter>
    </ClCompile>
    <ClCompile Include="include\Widgets\Render\ArtifactLayerEditorPanel.ixx">
      <Filter>src</Filter>
    </ClCompile>
    <ClCompile Include="include\Widgets\Menu\Test\ArtifactImageProcessingTestMenu.ixx">
      <Filter>src\Widgets</Filter>
    </ClCompile>
    <ClCompile Include="src\Widgets\Dialog\ApplicationSettingDialog.cppm">
      <Filter>src\Widgets</Filter>
    </ClCompile>
    <ClCompile Include="src\Render\AritfactIRenderer.cppm">
      <Filter>src\Render</Filter>
    </ClCompile>
    <ClCompile Include="include\Widgets\Render\ArtifactRenderLayerWidget.ixx">
      <Filter>include</Filter>
    </ClCompile>
    <ClCompile Include="src\Widgets\Render\ArtifactRenderQueueJobPanel.cpp">
      <Filter>src</Filter>
    </ClCompile>
    <ClCompile Include="src\Render\ArtifactRenderController.cppm">
      <Filter>src</Filter>
    </ClCompile>
    <ClCompile Include="src\Render\ArtifactRenderElement.cpp">
      <Filter>src</Filter>
    </ClCompile>
    <ClCompile Include="include\Render\Element\ArtifactRenderElement.ixx">
      <Filter>include</Filter>
    </ClCompile>
    <ClCompile Include="src\Widgets\Render\ArtifactRenderLayerEditor.cppm">
      <Filter>src</Filter>
    </ClCompile>
    <ClCompile Include="src\Widgets\Render\ArtifactRenderLayerWidgetv2.cppm">
      <Filter>src</Filter>
    </ClCompile>
    <ClCompile Include="include\Widgets\Render\ArtifactRenderLayerEditor.ixx">
      <Filter>include</Filter>
    </ClCompile>
    <ClCompile Include="include\Widgets\Render\ArtifactRenderQueueJobPanel.ixx">
      <Filter>include</Filter>
    </ClCompile>
    <ClCompile Include="include\Widgets\Menu\ArtifactFileMenu.ixx">
      <Filter>include</Filter>
    </ClCompile>
    <ClCompile Include="include\Widgets\Menu\ArtifactHelpMenu.ixx">
      <Filter>include</Filter>
    </ClCompile>
    <ClCompile Include="src\Widgets\Menu\ArtifactLayerMenu.cppm">
      <Filter>src\Widgets</Filter>
    </ClCompile>
    <ClCompile Include="src\Widgets\Menu\ArtifactOptionMenu.cppm">
      <Filter>src\Widgets</Filter>
    </ClCompile>
    <ClCompile Include="include\Service\ArtifactEffectService.ixx">
      <Filter>include</Filter>
    </ClCompile>
    <ClCompile Include="include\Widgets\ArtifactInspectorWidget.ixx">
      <Filter>include</Filter>
    </ClCompile>
    <ClCompile Include="include\Layer\ArtifactLayerCopyBuffer.ixx">
      <Filter>include</Filter>
    </ClCompile>
    <ClCompile Include="include\Widgets\Timeline\ArtifactLayerPanelWidget.ixx">
      <Filter>include</Filter>
    </ClCompile>
    <ClCompile Include="include\Composition\ArtifactCompositionResult.ixx">
      <Filter>include</Filter>
    </ClCompile>
    <ClCompile Include="src\Preview\ArtifactLayerPreviewPipeline.cpp">
      <Filter>src</Filter>
    </ClCompile>
    <ClCompile Include="src\Widgets\Timeline\ArtifactLayerPanelWidget.cpp">
      <Filter>src</Filter>
    </ClCompile>
    <ClCompile Include="include\Composition\ArtifactFindCompositionQuery.ixx">
      <Filter>include</Filter>
    </ClCompile>
    <ClCompile Include="include\Preview\ArtifactLayerPreviewPipeline.ixx">
      <Filter>include</Filter>
    </ClCompile>
    <ClCompile Include="src\Layer\ArtifactNullLayer.cppm">
      <Filter>src</Filter>
    </ClCompile>
    <ClCompile Include="src\Effetcs\ArtifactGlobalEffectManager.cpp">
      <Filter>src</Filter>
    </ClCompile>
    <ClCompile Include="include\Effetcs\ArtifactEffectImplBase.ixx">
      <Filter>include</Filter>
    </ClCompile>
    <ClCompile Include="src\Widgets\Dialog\EditCompositionSettingDialog.cpp">
      <Filter>src</Filter>
    </ClCompile>
    <ClCompile Include="src\Layer\ArtifactImageLayer.cppm">
      <Filter>src</Filter>
    </ClCompile>
    <ClCompile Include="src\Widgets\ArtifactInspectorWidget.cppm">
      <Filter>src</Filter>
    </ClCompile>
    <ClCompile Include="include\Layer\ArtifactHierarchyModel.ixx">
      <Filter>include</Filter>
    </ClCompile>
    <ClCompile Include="include\Widgets\Render\Artifact3DModelViewer.ixx">
      <Filter>include\Widgets</Filter>
    </ClCompile>
    <ClCompile Include="src\Widgets\Render\Artifact3DModelViewer.cppm">
      <Filter>src</Filter>
    </ClCompile>
    <ClCompile Include="src\GUI\ArtifactGuiManager.cpp">
      <Filter>src</Filter>
    </ClCompile>
    <ClCompile Include="include\Render\ArtifactPerformanceMonitor.ixx" />
    <ClCompile Include="include\Project\ArtifactAutoSaveManager.ixx" />
    <ClCompile Include="src\Widgets\ArtifactToolBar.cppm" />
    <ClCompile Include="include\Widgets\ArtifactStatusBar.ixx">
      <Filter>include\Widgets</Filter>
    </ClCompile>
    <ClCompile Include="src\Widgets\ArtifactStatusBar.cpp">
      <Filter>src</Filter>
    </ClCompile>
    <ClCompile Include="src\Widgets\Menu\ArtifactCompositionMenu.cppm">
      <Filter>src\Widgets</Filter>
    </ClCompile>
    <ClCompile Include="src\Widgets\ArtifactCurveEditorWidget.cppm">
      <Filter>src\Widgets</Filter>
    </ClCompile>
    <ClCompile Include="include\Widgets\Render\ArtifactDiligentEngineRenderWidget.cpp">
      <Filter>src\Widgets</Filter>
    </ClCompile>
    <ClCompile Include="src\Widgets\Render\ArtifactDiligentEngineRenderWindow.cpp">
      <Filter>src\Widgets</Filter>
    </ClCompile>
    <ClCompile Include="src\Widgets\Dialog\ArtifactCreateCompositionDialog.cppm">
      <Filter>src\Widgets</Filter>
    </ClCompile>
    <ClCompile Include="src\Widgets\Dialog\ArtifactRenderOutputSettingDialog.cppm">
      <Filter>src\Widgets</Filter>
    </ClCompile>
    <ClCompile Include="src\Project\ArtifactProjectExporter.cppm">
      <Filter>src</Filter>
    </ClCompile>
    <ClCompile Include="src\Widgets\Render\ArtifactLayerEditorPanel.cpp">
      <Filter>src</Filter>
    </ClCompile>
    <ClCompile Include="src\Widgets\Timeline\ArtifactLayerHierarchyWidget.cppm">
      <Filter>src</Filter>
    </ClCompile>
    <ClCompile Include="src\Layer\ArtifactLayerSetting.cpp">
      <Filter>src</Filter>
    </ClCompile>
    <ClCompile Include="src\Widgets\ArtifactProjectManagerWidget.cppm">
      <Filter>src</Filter>
    </ClCompile>
    <ClCompile Include="src\Preview\ArtifactPreviewController.cppm">
      <Filter>src</Filter>
    </ClCompile>
    <ClCompile Include="src\Widgets\ArtifactMenuBar.cppm">
      <Filter>src</Filter>
    </ClCompile>
    <ClCompile Include="src\Widgets\ArtifactMainWindow.cpp">
      <Filter>src</Filter>
    </ClCompile>
    <ClCompile Include="include\Layer\ArtifactLayerSetting.ixx">
      <Filter>include</Filter>
    </ClCompile>
    <ClCompile Include="include\Layer\ArtifactLayerInitParams.ixx">
      <Filter>include</Filter>
    </ClCompile>
    <ClCompile Include="include\Layer\ArtifactImageLayer.ixx">
      <Filter>include</Filter>
    </ClCompile>
    <ClCompile Include="include\Layer\ArtifactLayerResult.ixx">
      <Filter>include</Filter>
    </ClCompile>
    <ClCompile Include="include\Layer\ArtifactLayerModule.ixx">
      <Filter>include</Filter>
    </ClCompile>
    <ClCompile Include="include\Layer\ArtifactMediaLayer.ixx">
      <Filter>include</Filter>
    </ClCompile>
    <ClCompile Include="include\Layer\ArtifactLayerSelectionManager.ixx">
      <Filter>include</Filter>
    </ClCompile>
    <ClCompile Include="include\Layer\ArtifactLayerSearchQuery.ixx">
      <Filter>include</Filter>
    </ClCompile>
    <ClCompile Include="include\Layer\ArtifactNullLayer.ixx">
      <Filter>include</Filter>
    </ClCompile>
    <ClCompile Include="include\Layer\ArtifactLayerFactory.ixx">
      <Filter>include</Filter>
    </ClCompile>
    <ClCompile Include="src\Layer\ArtifactLayerSelectionManager.cppm" />
    <ClCompile Include="include\Widgets\Menu\ArtifactLayerMenu.ixx" />
    <ClCompile Include="include\Layer\ArtifactLayerUIInfo.ixx">
      <Filter>include</Filter>
    </ClCompile>
    <ClCompile Include="src\Layer\ArtifactShapeLayer.cppm">
      <Filter>src</Filter>
    </ClCompile>
    <ClCompile Include="include\Widgets\Menu\ArtifactCompositionMenu.ixx">
      <Filter>include\Widgets</Filter>
    </ClCompile>
    <ClCompile Include="include\Widgets\Viewer\ArtifactContentsViewer.ixx">
      <Filter>include\Widgets</Filter>
    </ClCompile>
    <ClCompile Include="include\Widgets\Dialog\ArtifactCreateCompositionDialog.ixx">
      <Filter>include\Widgets</Filter>
    </ClCompile>
    <ClCompile Include="include\Widgets\Render\ArtifactDiligentEngineRenderWindow.ixx">
      <Filter>include\Widgets</Filter>
    </ClCompile>
    <ClCompile Include="src\Widgets\ArtifactTimelineScene.cppm" />
    <ClCompile Include="include\Widgets\ArtifactLayerHierarchyWidget.ixx">
      <Filter>include\Widgets</Filter>
    </ClCompile>
    <ClCompile Include="include\Effetcs\Keying\ChromaKeyEffect.ixx" />
    <ClCompile Include="src\Effetcs\Keying\ChromaKeyEffect.cppm" />
    <ClCompile Include="include\Layer\ArtifactTextLayer.ixx" />
    <ClCompile Include="src\Layer\ArtifactTextLayer.cppm" />
    <ClCompile Include="include\Layer\Artifact3DModelLayer.ixx">
      <Filter>include\Layer</Filter>
    </ClCompile>
    <ClCompile Include="include\Layer\ArtifactAbstract2DLayer.ixx">
      <Filter>include\Layer</Filter>
    </ClCompile>
    <ClCompile Include="include\Layer\ArtifactAdjustableLayer.ixx">
      <Filter>include\Layer</Filter>
    </ClCompile>
    <ClCompile Include="include\Layer\ArtifactAbstractLayer.ixx">
      <Filter>include\Layer</Filter>
    </ClCompile>
    <ClCompile Include="include\Asset\AssetMenuModel.ixx">
      <Filter>include\Asset</Filter>
    </ClCompile>
    <ClCompile Include="src\Asset\AssetMenuModel.cppm">
      <Filter>src\Asset</Filter>
    </ClCompile>
  </ItemGroup>
  <ItemGroup>
    <ClInclude Include="Generated\TestService.h" />
    <ClInclude Include="Generated\Test_types.h" />
    <ClInclude Include="include\Widgets\Render\Shader\CommonShader.hpp" />
    <ClInclude Include="include\Composition\ArtifactCompositionManager.hpp">
      <Filter>include</Filter>
    </ClInclude>
    <ClInclude Include="include\GUI\ArtifactGuiManager.hpp">
      <Filter>include</Filter>
    </ClInclude>
    <ClInclude Include="include\Render\ArtifactRenderer.ixx">
      <Filter>include</Filter>
    </ClInclude>
  </ItemGroup>
  <ItemGroup>
    <CustomBuild Include="Test.thrift" />
  </ItemGroup>
  <ItemGroup>
    <None Include=".github\copilot-instructions.md" />
    <None Include="PROJECT_GOALS.md" />
    <None Include="UI_WIDGETS_LIST.md" />
    <None Include="ArtifactCore_Library_Reference.md" />
  </ItemGroup>
  <ItemGroup>
    <Filter Include="src">
      <UniqueIdentifier>{d13d8a5f-547f-4c18-ae50-2534f6fb9b33}</UniqueIdentifier>
    </Filter>
    <Filter Include="src\Widgets">
      <UniqueIdentifier>{a8cc3327-3f8a-4046-9523-a06b9374ab7a}</UniqueIdentifier>
    </Filter>
    <Filter Include="include">
      <UniqueIdentifier>{e18f9496-0a56-44ee-a1c8-24cb294c169a}</UniqueIdentifier>
    </Filter>
    <Filter Include="include\Widgets">
      <UniqueIdentifier>{e124d3bc-03ed-4601-ada7-e98a46c91544}</UniqueIdentifier>
    </Filter>
    <Filter Include="src\Layer">
      <UniqueIdentifier>{3fb757e0-4090-414d-a5a3-d10598a5de35}</UniqueIdentifier>
    </Filter>
    <Filter Include="src\Widgets\Dialog">
      <UniqueIdentifier>{ed8c33c8-cc65-4ce8-a6a9-f790440accbb}</UniqueIdentifier>
    </Filter>
    <Filter Include="src\Render">
      <UniqueIdentifier>{8e560c69-84e2-4427-b34a-a99888ec1480}</UniqueIdentifier>
    </Filter>
    <Filter Include="include\Composition">
      <UniqueIdentifier>{0985974d-0d7e-4325-9a9a-da5ca37f2479}</UniqueIdentifier>
    </Filter>
    <Filter Include="include\Layer">
      <UniqueIdentifier>{b90a12cf-8527-4ed6-9f78-d947da1bd1f8}</UniqueIdentifier>
    </Filter>
    <Filter Include="include\Audio">
      <UniqueIdentifier>{1cb5b81d-e17c-4a28-9074-3652b3c60ea9}</UniqueIdentifier>
    </Filter>
    <Filter Include="include\Asset">
      <UniqueIdentifier>{ef55e462-ca41-46be-a49f-35924e4c4277}</UniqueIdentifier>
    </Filter>
    <Filter Include="src\Asset">
      <UniqueIdentifier>{31fe4b58-5fc2-49ca-9a05-289f437b4414}</UniqueIdentifier>
    </Filter>
  </ItemGroup>
</Project>