<?xml version="1.0" encoding="utf-8"?>
<Project ToolsVersion="4.0" xmlns="http://schemas.microsoft.com/developer/msbuild/2003">
  <ItemGroup>
    <Filter Include="ソース ファイル">
      <UniqueIdentifier>{4FC737F1-C7A5-4376-A066-2A32D752A2FF}</UniqueIdentifier>
      <Extensions>cpp;c;cc;cxx;c++;cppm;ixx;def;odl;idl;hpj;bat;asm;asmx</Extensions>
    </Filter>
    <Filter Include="ヘッダー ファイル">
      <UniqueIdentifier>{93995380-89BD-4b04-88EB-625FBE52EBFB}</UniqueIdentifier>
      <Extensions>h;hh;hpp;hxx;h++;hm;inl;inc;ipp;xsd</Extensions>
    </Filter>
    <Filter Include="リソース ファイル">
      <UniqueIdentifier>{67DA6AB6-F800-4c08-8B7A-83BB121AAD01}</UniqueIdentifier>
      <Extensions>rc;ico;cur;bmp;dlg;rc2;rct;bin;rgs;gif;jpg;jpeg;jpe;resx;tiff;tif;png;wav;mfcribbon-ms</Extensions>
    </Filter>
    <Filter Include="ヘッダー ファイル\Project">
      <UniqueIdentifier>{2d0351b3-b0ce-44e6-b074-ba91fa45e5fc}</UniqueIdentifier>
    </Filter>
    <Filter Include="ソース ファイル\Widgets">
      <UniqueIdentifier>{0aecb838-4407-47a7-b576-00f8edf6e7ab}</UniqueIdentifier>
    </Filter>
    <Filter Include="ヘッダー ファイル\Widgets">
      <UniqueIdentifier>{cb3b50cf-6869-41be-a65c-0d6228a5d9c2}</UniqueIdentifier>
    </Filter>
    <Filter Include="ヘッダー ファイル\Layer">
      <UniqueIdentifier>{5234c080-bd68-4a27-86f5-1cbcc395327d}</UniqueIdentifier>
    </Filter>
    <Filter Include="ソース ファイル\Layer">
      <UniqueIdentifier>{ecb1c15e-72d3-48d9-b0b5-497bbfb83c5f}</UniqueIdentifier>
    </Filter>
    <Filter Include="ヘッダー ファイル\Effects">
      <UniqueIdentifier>{82bd3fc1-60b3-403b-87c0-c972168299f9}</UniqueIdentifier>
    </Filter>
    <Filter Include="ヘッダー ファイル\Composition">
      <UniqueIdentifier>{8f8c875b-0cba-423f-8178-01a32486992e}</UniqueIdentifier>
    </Filter>
    <Filter Include="ソース ファイル\Composition">
      <UniqueIdentifier>{f645a410-cd45-42d7-ab99-cf6deb39d9d0}</UniqueIdentifier>
    </Filter>
    <Filter Include="ヘッダー ファイル\Widgets\Menu">
      <UniqueIdentifier>{53114172-4d21-4b88-a05f-dcc2b5a16011}</UniqueIdentifier>
    </Filter>
    <Filter Include="ヘッダー ファイル\Debug">
      <UniqueIdentifier>{ac3198af-eab9-4cd8-ace7-3df2df969502}</UniqueIdentifier>
    </Filter>
    <Filter Include="ヘッダー ファイル\Render">
      <UniqueIdentifier>{b1676bb9-1704-4eca-861c-e2415e1df552}</UniqueIdentifier>
    </Filter>
    <Filter Include="ソース ファイル\Project">
      <UniqueIdentifier>{c9d13665-fca9-4afd-a2b4-22ff2f400d39}</UniqueIdentifier>
    </Filter>
    <Filter Include="ソース ファイル\Widgets\Menu">
      <UniqueIdentifier>{4a38a1d5-699c-49cd-aaf2-20822bdbd0cd}</UniqueIdentifier>
    </Filter>
    <Filter Include="ヘッダー ファイル\Widgets\Asset">
      <UniqueIdentifier>{2fd898b8-9f24-485c-8e27-3936bedd09d9}</UniqueIdentifier>
    </Filter>
    <Filter Include="ヘッダー ファイル\Application">
      <UniqueIdentifier>{71636a9a-e8c6-459b-9295-f2628e137457}</UniqueIdentifier>
    </Filter>
    <Filter Include="ソース ファイル\Application">
      <UniqueIdentifier>{1e9f9d96-a620-4f64-b9c5-817279a600e2}</UniqueIdentifier>
    </Filter>
    <Filter Include="ヘッダー ファイル\Script">
      <UniqueIdentifier>{03ee1f38-cda5-4a1a-bd50-b62d62cf489f}</UniqueIdentifier>
    </Filter>
    <Filter Include="ソース ファイル\Script">
      <UniqueIdentifier>{d1fdb671-afd6-411f-98e1-affcc7029ab7}</UniqueIdentifier>
    </Filter>
    <Filter Include="ヘッダー ファイル\Widgets\Render">
      <UniqueIdentifier>{e7ccf74e-6e5b-4d76-a27a-4acd5094fdd7}</UniqueIdentifier>
    </Filter>
    <Filter Include="ソース ファイル\Widgets\Render">
      <UniqueIdentifier>{92ed620e-d7bc-4379-9b9f-a85d26cfdfdd}</UniqueIdentifier>
    </Filter>
    <Filter Include="ヘッダー ファイル\Asset">
      <UniqueIdentifier>{59e60427-b82b-451b-9ebf-c35152b73914}</UniqueIdentifier>
    </Filter>
  </ItemGroup>
  <ItemGroup>
    <ClInclude Include="include\Widgets\ArtifactCompositionWidget.hpp">
      <Filter>ヘッダー ファイル\Widgets</Filter>
    </ClInclude>
    <ClInclude Include="include\Layer\ArtifactAbstractLayer.hpp">
      <Filter>ヘッダー ファイル\Layer</Filter>
    </ClInclude>
    <ClInclude Include="include\Layer\ArtifactCompositionLayer.hpp">
      <Filter>ヘッダー ファイル\Layer</Filter>
    </ClInclude>
    <ClInclude Include="include\Layer\ArtifactImageLayer.hpp">
      <Filter>ヘッダー ファイル\Layer</Filter>
    </ClInclude>
    <ClInclude Include="include\Widgets\ArtifactTimelineWidget.hpp">
      <Filter>ヘッダー ファイル\Widgets</Filter>
    </ClInclude>
    <ClInclude Include="include\Widgets\ArtifactInspectorWidget.hpp">
      <Filter>ヘッダー ファイル\Widgets</Filter>
    </ClInclude>
    <ClInclude Include="include\Composition\ArtifactComposition.hpp">
      <Filter>ヘッダー ファイル\Composition</Filter>
    </ClInclude>
    <ClInclude Include="include\Composition\ArtifactCompositionManager.hpp">
      <Filter>ヘッダー ファイル\Composition</Filter>
    </ClInclude>
    <ClInclude Include="include\Effetcs\ArtifactAbstractEffect.hpp">
      <Filter>ヘッダー ファイル\Effects</Filter>
    </ClInclude>
    <ClInclude Include="include\Widgets\Menu\ArtifactOptionMenu.hpp">
      <Filter>ヘッダー ファイル\Widgets\Menu</Filter>
    </ClInclude>
    <ClInclude Include="include\Composition\ArtifactComposition2D.hpp">
      <Filter>ヘッダー ファイル\Composition</Filter>
    </ClInclude>
    <ClInclude Include="include\Render\ArtifactRenderer.hpp">
      <Filter>ヘッダー ファイル\Render</Filter>
    </ClInclude>
    <ClInclude Include="include\Application\ArtifactApplicationManager.hpp">
      <Filter>ヘッダー ファイル\Application</Filter>
    </ClInclude>
    <ClInclude Include="include\Widgets\Menu\ArtifactLayerMenu.hpp">
      <Filter>ヘッダー ファイル\Widgets\Menu</Filter>
    </ClInclude>
    <ClInclude Include="include\Widgets\Render\ArtifactRenderManagerWidget.hpp">
      <Filter>ヘッダー ファイル\Widgets\Render</Filter>
    </ClInclude>
    <ClInclude Include="include\Widgets\Menu\ArtifactTimeMenu.hpp">
      <Filter>ヘッダー ファイル\Widgets\Menu</Filter>
    </ClInclude>
    <ClInclude Include="include\Layer\Artifact3DModelLayer.hpp">
      <Filter>ヘッダー ファイル\Layer</Filter>
    </ClInclude>
    <ClInclude Include="include\Widgets\Menu\ArtifactViewMenu.hpp">
      <Filter>ヘッダー ファイル\Widgets\Menu</Filter>
    </ClInclude>
    <ClInclude Include="include\Widgets\Menu\ArtifactFileMenu.hpp">
      <Filter>ヘッダー ファイル\Widgets\Menu</Filter>
    </ClInclude>
    <ClInclude Include="include\Project\ArtifactProjectManager.hpp">
      <Filter>ヘッダー ファイル\Project</Filter>
    </ClInclude>
    <ClInclude Include="include\Project\ArtifactProjectSetting.hpp">
      <Filter>ヘッダー ファイル\Project</Filter>
    </ClInclude>
    <ClInclude Include="include\Project\ArtifactProject.hpp">
      <Filter>ヘッダー ファイル\Project</Filter>
    </ClInclude>
    <ClInclude Include="include\Layer\ArtifactNullLayer.hpp">
      <Filter>ヘッダー ファイル\Layer</Filter>
    </ClInclude>
  </ItemGroup>
  <ItemGroup>
    <ClCompile Include="src\AppMain.cpp">
      <Filter>ソース ファイル</Filter>
    </ClCompile>
    <ClCompile Include="src\Layer\ArtifactCompositionLayer.cpp">
      <Filter>ソース ファイル\Layer</Filter>
    </ClCompile>
    <ClCompile Include="src\Widgets\ArtifactMainWindow.cpp">
      <Filter>ソース ファイル\Widgets</Filter>
    </ClCompile>
    <ClCompile Include="src\Widgets\ArtifactProjectManagerWidget.cpp">
      <Filter>ソース ファイル\Widgets</Filter>
    </ClCompile>
    <ClCompile Include="src\Composition\ArtifactCompositionManager.cpp">
      <Filter>ソース ファイル\Composition</Filter>
    </ClCompile>
    <ClCompile Include="src\Composition\ArtifactComposition.cpp">
      <Filter>ソース ファイル\Composition</Filter>
    </ClCompile>
    <ClCompile Include="src\Widgets\ArtifactInspectorWidget.cpp">
      <Filter>ソース ファイル\Widgets</Filter>
    </ClCompile>
    <ClCompile Include="src\Widgets\Menu\ArtifactFileMenu.cpp">
      <Filter>ソース ファイル\Widgets\Menu</Filter>
    </ClCompile>
    <ClCompile Include="src\Widgets\Menu\ArtifactLayerMenu.cpp">
      <Filter>ソース ファイル\Widgets\Menu</Filter>
    </ClCompile>
    <ClCompile Include="src\Widgets\Menu\ArtifactCompositionMenu.cpp">
      <Filter>ソース ファイル\Widgets\Menu</Filter>
    </ClCompile>
    <ClCompile Include="src\Widgets\ArtifactMenuBar.cpp">
      <Filter>ソース ファイル\Widgets\Menu</Filter>
    </ClCompile>
    <ClCompile Include="src\Widgets\Asset\ArtifactAssetBrowser.cpp">
      <Filter>ソース ファイル\Widgets</Filter>
    </ClCompile>
    <ClCompile Include="src\Widgets\ArtifactTimelineWidget.cpp">
      <Filter>ソース ファイル\Widgets</Filter>
    </ClCompile>
    <ClCompile Include="src\Widgets\Menu\ArtifactHelpMenu.cpp">
      <Filter>ソース ファイル\Widgets\Menu</Filter>
    </ClCompile>
    <ClCompile Include="src\Widgets\Render\ArtifactRenderManagerWidget.cpp">
      <Filter>ソース ファイル\Widgets\Render</Filter>
    </ClCompile>
    <ClCompile Include="src\Widgets\Menu\ArtifactTimeMenu.cpp">
      <Filter>ソース ファイル\Widgets\Menu</Filter>
    </ClCompile>
    <ClCompile Include="src\Widgets\Menu\ArtifactViewMenu.cpp">
      <Filter>ソース ファイル\Widgets\Menu</Filter>
    </ClCompile>
    <ClCompile Include="src\Project\ArtifactProjectManager.cpp">
      <Filter>ソース ファイル\Project</Filter>
    </ClCompile>
  </ItemGroup>
  <ItemGroup>
    <QtMoc Include="include\Widgets\ArtifactProjectManagerWidget.hpp">
      <Filter>ヘッダー ファイル\Widgets</Filter>
    </QtMoc>
    <QtMoc Include="include\Widgets\ArtifactMainWindow.hpp">
      <Filter>ヘッダー ファイル\Widgets</Filter>
    </QtMoc>
    <QtMoc Include="include\Widgets\ArtifactAssetBrowser.hpp">
      <Filter>ヘッダー ファイル\Widgets\Asset</Filter>
    </QtMoc>
    <QtMoc Include="include\Widgets\Menu\ArtifactCompositionMenu.hpp">
      <Filter>ヘッダー ファイル\Widgets\Menu</Filter>
    </QtMoc>
  </ItemGroup>
</Project>